{
  "name": "DMNVisionTool_v3",
  "lockfileVersion": 3,
  "requires": true,
  "packages": {
    "": {
      "dependencies": {
        "@bpmn-io/dmn-migrate": "^0.5.0",
        "yarn": "^1.22.22"
      }
    },
    "node_modules/@bpmn-io/dmn-migrate": {
      "version": "0.5.0",
      "resolved": "https://registry.npmjs.org/@bpmn-io/dmn-migrate/-/dmn-migrate-0.5.0.tgz",
      "integrity": "sha512-wTK3a634Z+6wRsz7+DmMLmxaweXGZ0mnC4+6jLTw5VuwCPKJsRfaaBlVR/ge6HUikQRODGHgbXzjwJ2nivxAOA==",
      "dependencies": {
        "dmn-moddle": "^10.0.0",
        "ids": "^1.0.5",
        "min-dash": "^4.1.1"
      }
    },
    "node_modules/dmn-moddle": {
      "version": "10.0.0",
      "resolved": "https://registry.npmjs.org/dmn-moddle/-/dmn-moddle-10.0.0.tgz",
      "integrity": "sha512-JD08qH2VqA7O54qCQFrGruwGyVovow+9g2O5/ww0KpC/n0mvuua117dz2CONiUWexJxq/dOAaMjrQwkWnK+oEA==",
      "dependencies": {
        "min-dash": "^3.0.0",
        "moddle": "^5.0.1",
        "moddle-xml": "^9.0.5"
      }
    },
    "node_modules/dmn-moddle/node_modules/min-dash": {
      "version": "3.8.1",
      "resolved": "https://registry.npmjs.org/min-dash/-/min-dash-3.8.1.tgz",
      "integrity": "sha512-evumdlmIlg9mbRVPbC4F5FuRhNmcMS5pvuBUbqb1G9v09Ro0ImPEgz5n3khir83lFok1inKqVDjnKEg3GpDxQg=="
    },
    "node_modules/ids": {
      "version": "1.0.5",
      "resolved": "https://registry.npmjs.org/ids/-/ids-1.0.5.tgz",
      "integrity": "sha512-XQ0yom/4KWTL29sLG+tyuycy7UmeaM/79GRtSJq6IG9cJGIPeBz5kwDCguie3TwxaMNIc3WtPi0cTa1XYHicpw=="
    },
    "node_modules/min-dash": {
      "version": "4.2.1",
      "resolved": "https://registry.npmjs.org/min-dash/-/min-dash-4.2.1.tgz",
      "integrity": "sha512-to+unsToePnm7cUeR9TrMzFlETHd/UXmU+ELTRfWZj5XGT41KF6X3L233o3E/GdEs3sk2Tbw/lOLD1avmWkg8A=="
    },
    "node_modules/moddle": {
      "version": "5.0.4",
      "resolved": "https://registry.npmjs.org/moddle/-/moddle-5.0.4.tgz",
      "integrity": "sha512-Kjb+hjuzO+YlojNGxEUXvdhLYTHTtAABDlDcJTtTcn5MbJF9Zkv4I1Fyvp3Ypmfgg1EfHDZ3PsCQTuML9JD6wg==",
      "dependencies": {
        "min-dash": "^3.0.0"
      }
    },
    "node_modules/moddle-xml": {
      "version": "9.0.6",
      "resolved": "https://registry.npmjs.org/moddle-xml/-/moddle-xml-9.0.6.tgz",
      "integrity": "sha512-tl0reHpsY/aKlLGhXeFlQWlYAQHFxTkFqC8tq8jXRYpQSnLVw13T6swMaourLd7EXqHdWsc+5ggsB+fEep6xZQ==",
      "dependencies": {
        "min-dash": "^3.5.2",
        "moddle": "^5.0.2",
        "saxen": "^8.1.2"
      }
    },
    "node_modules/moddle-xml/node_modules/min-dash": {
      "version": "3.8.1",
      "resolved": "https://registry.npmjs.org/min-dash/-/min-dash-3.8.1.tgz",
      "integrity": "sha512-evumdlmIlg9mbRVPbC4F5FuRhNmcMS5pvuBUbqb1G9v09Ro0ImPEgz5n3khir83lFok1inKqVDjnKEg3GpDxQg=="
    },
    "node_modules/moddle/node_modules/min-dash": {
      "version": "3.8.1",
      "resolved": "https://registry.npmjs.org/min-dash/-/min-dash-3.8.1.tgz",
      "integrity": "sha512-evumdlmIlg9mbRVPbC4F5FuRhNmcMS5pvuBUbqb1G9v09Ro0ImPEgz5n3khir83lFok1inKqVDjnKEg3GpDxQg=="
    },
    "node_modules/saxen": {
      "version": "8.1.2",
      "resolved": "https://registry.npmjs.org/saxen/-/saxen-8.1.2.tgz",
      "integrity": "sha512-xUOiiFbc3Ow7p8KMxwsGICPx46ZQvy3+qfNVhrkwfz3Vvq45eGt98Ft5IQaA1R/7Tb5B5MKh9fUR9x3c3nDTxw=="
    },
    "node_modules/yarn": {
      "version": "1.22.22",
      "resolved": "https://registry.npmjs.org/yarn/-/yarn-1.22.22.tgz",
      "integrity": "sha512-prL3kGtyG7o9Z9Sv8IPfBNrWTDmXB4Qbes8A9rEzt6wkJV8mUvoirjU0Mp3GGAU06Y0XQyA3/2/RQFVuK7MTfg==",
      "hasInstallScript": true,
      "bin": {
        "yarn": "bin/yarn.js",
        "yarnpkg": "bin/yarn.js"
      },
      "engines": {
        "node": ">=4.0.0"
      }
    }
  }
}
